
Microsoft Visual Studio Solution File, Format Version 12.00
# Visual Studio Version 17
VisualStudioVersion = 17.13.35931.197 d17.13
MinimumVisualStudioVersion = 10.0.40219.1
Project("{FAE04EC0-301F-11D3-BF4B-00C04F79EFBC}") = "HastePauseOnFocusLost", "HastePauseOnFocusLost.csproj", "{947BEED4-6FDF-49C4-9127-2400CD59C4D2}"
EndProject
Global
	GlobalSection(SolutionConfigurationPlatforms) = preSolution
		Debug|Any CPU = Debug|Any CPU
		Release|Any CPU = Release|Any CPU
	EndGlobalSection
	GlobalSection(ProjectConfigurationPlatforms) = postSolution
		{947BEED4-6FDF-49C4-9127-2400CD59C4D2}.Debug|Any CPU.ActiveCfg = Debug|Any CPU
		{947BEED4-6FDF-49C4-9127-2400CD59C4D2}.Debug|Any CPU.Build.0 = Debug|Any CPU
		{947BEED4-6FDF-49C4-9127-2400CD59C4D2}.Release|Any CPU.ActiveCfg = Release|Any CPU
		{947BEED4-6FDF-49C4-9127-2400CD59C4D2}.Release|Any CPU.Build.0 = Release|Any CPU
	EndGlobalSection
	GlobalSection(SolutionProperties) = preSolution
		HideSolutionNode = FALSE
	EndGlobalSection
	GlobalSection(ExtensibilityGlobals) = postSolution
		SolutionGuid = {EB683FF7-3D22-4184-A576-0D949606F0C9}
	EndGlobalSection
EndGlobal
